lockfileVersion: '9.0'

settings:
  autoInstallPeers: true
  excludeLinksFromLockfile: false

importers:

  .:
    dependencies:
      '@opentf/std':
        specifier: ^0.18.0
        version: 0.18.0
    devDependencies:
      '@opentf/esrun-types':
        specifier: latest
        version: 0.4.0

packages:

  '@opentf/esrun-types@0.4.0':
    resolution: {integrity: sha512-MEjKuFur/3zBP8xY05tLD7GKI07NWTMcmbyJjnL8g/Mt5Qu0Beetj+MjMDlog/Lbdr3krziGAQIBbRqtXd60Dg==}

  '@opentf/std@0.18.0':
    resolution: {integrity: sha512-860vQJifbxZhm/LmxOssz2gvltkNCUALZ6SEI8PwkcyuTzvGSkTEZBxdCF4JR0OWBGLTW+uHODyElb2zM7+3DA==}
    engines: {node: '>=20.0.0'}

snapshots:

  '@opentf/esrun-types@0.4.0': {}

  '@opentf/std@0.18.0': {}
